<?xml version="1.0" encoding="UTF-8"?>
<Scheme LastUpgradeVersion="2630" version="1.7"><BuildAction parallelizeBuildables="YES" buildImplicitDependencies="YES"><BuildActionEntries><BuildActionEntry buildForTesting="YES" buildForRunning="YES" buildForProfiling="YES" buildForArchiving="YES" buildForAnalyzing="YES"><BuildableReference BuildableIdentifier="primary" BlueprintIdentifier="A10000000000000000000002" BuildableName="Fuel Information.app" BlueprintName="Fuel Information" ReferencedContainer="container:Fuel Information.xcodeproj"/></BuildActionEntry></BuildActionEntries></BuildAction><TestAction buildConfiguration="Debug"/><LaunchAction buildConfiguration="Debug" selectedDebuggerIdentifier="Xcode.DebuggerFoundation.Debugger" selectedLauncherIdentifier="Xcode.IDEFoundation.Launcher.PosixSpawn"><BuildableProductRunnable runnableDebuggingMode="0"><BuildableReference BuildableIdentifier="primary" BlueprintIdentifier="A10000000000000000000002" BuildableName="Fuel Information.app" BlueprintName="Fuel Information" ReferencedContainer="container:Fuel Information.xcodeproj"/></BuildableProductRunnable></LaunchAction><ProfileAction buildConfiguration="Release"/><AnalyzeAction buildConfiguration="Debug"/><ArchiveAction buildConfiguration="Release"/></Scheme>